
Microsoft Visual Studio Solution File, Format Version 12.00
# Visual Studio 15
VisualStudioVersion = 15.0.26430.6
MinimumVisualStudioVersion = 10.0.40219.1
Project("{FAE04EC0-301F-11D3-BF4B-00C04F79EFBC}") = "Taller1E1", "Taller1\Taller1E1.csproj", "{D6BB1384-F471-48FC-87A2-F22CA6576D9F}"
EndProject
Project("{FAE04EC0-301F-11D3-BF4B-00C04F79EFBC}") = "Taller1E2", "Taller1E2\Taller1E2.csproj", "{3A633B2A-B27E-4845-8DE3-AC54C27AE17C}"
EndProject
Project("{FAE04EC0-301F-11D3-BF4B-00C04F79EFBC}") = "Taller1E4", "Taller1E4\Taller1E4.csproj", "{D1DE3D72-E380-450A-B4AE-6238C922F421}"
EndProject
Project("{FAE04EC0-301F-11D3-BF4B-00C04F79EFBC}") = "Taller1E5", "Taller1E5\Taller1E5.csproj", "{DB90EABB-A4DC-4F24-9AE8-14BC1508F7A7}"
EndProject
Project("{FAE04EC0-301F-11D3-BF4B-00C04F79EFBC}") = "Taller1E3", "Taller1E3\Taller1E3.csproj", "{86B9AC91-8803-4E8A-A1B2-55384A6E458E}"
EndProject
Project("{FAE04EC0-301F-11D3-BF4B-00C04F79EFBC}") = "Taller2E2", "Taller2E2\Taller2E2.csproj", "{A4B44C97-C74D-4740-B9E8-A4B2C9FA6CBE}"
EndProject
Project("{FAE04EC0-301F-11D3-BF4B-00C04F79EFBC}") = "Taller2E1", "Taller2E1\Taller2E1.csproj", "{B91F4944-EBB7-45D2-A1E9-54C627234E3B}"
EndProject
Project("{FAE04EC0-301F-11D3-BF4B-00C04F79EFBC}") = "Taller2E3", "Taller2E3\Taller2E3.csproj", "{24A613F1-B489-408B-BE57-EEFA682D67F9}"
EndProject
Project("{FAE04EC0-301F-11D3-BF4B-00C04F79EFBC}") = "TP2E01", "TP2E01\TP2E01.csproj", "{984A3D97-B831-483C-A05F-3DD9190E9946}"
EndProject
Project("{FAE04EC0-301F-11D3-BF4B-00C04F79EFBC}") = "TP2E02", "TP2E02\TP2E02.csproj", "{274EB1D4-51F1-46C1-8C21-DA062EBB7293}"
EndProject
Project("{FAE04EC0-301F-11D3-BF4B-00C04F79EFBC}") = "TP2E03", "TP2E03\TP2E03.csproj", "{05F81FB3-B0BB-41A2-85BB-DA8230C2CD29}"
EndProject
Project("{FAE04EC0-301F-11D3-BF4B-00C04F79EFBC}") = "TP2E04", "TP2E04\TP2E04.csproj", "{FA94D8D4-E6CF-4B38-879A-0B7332864ECD}"
EndProject
Project("{FAE04EC0-301F-11D3-BF4B-00C04F79EFBC}") = "TP2E05", "TP2E05\TP2E05.csproj", "{BBD3A347-21D7-4288-9E9C-0C1A03E702EA}"
EndProject
Project("{FAE04EC0-301F-11D3-BF4B-00C04F79EFBC}") = "TP2E06", "TP2E06\TP2E06.csproj", "{33C71241-3442-4817-89F0-F3C91342C3BF}"
EndProject
Project("{FAE04EC0-301F-11D3-BF4B-00C04F79EFBC}") = "TP2E07", "TP2E07\TP2E07.csproj", "{79A5916D-5F65-4699-A3D8-2F3784598558}"
EndProject
Project("{FAE04EC0-301F-11D3-BF4B-00C04F79EFBC}") = "TP2E08", "TP2E08\TP2E08.csproj", "{B61EE9A2-48C5-4E40-AC20-55A84BDCE3F4}"
EndProject
Project("{FAE04EC0-301F-11D3-BF4B-00C04F79EFBC}") = "TP2E09", "TP2E09\TP2E09.csproj", "{A966997B-4308-4190-9EBB-1CF5F9C1F1F9}"
EndProject
Project("{FAE04EC0-301F-11D3-BF4B-00C04F79EFBC}") = "TP2E10", "TP2E10\TP2E10.csproj", "{88D460B9-ABAC-4C69-98E2-B187CF99F68B}"
EndProject
Project("{FAE04EC0-301F-11D3-BF4B-00C04F79EFBC}") = "TP3E01", "TP3E01\TP3E01.csproj", "{EF4F1B2E-4BA3-409C-A04B-A3678611696B}"
EndProject
Project("{FAE04EC0-301F-11D3-BF4B-00C04F79EFBC}") = "TP3E02", "TP3E02\TP3E02.csproj", "{F372A0F8-92ED-4528-8247-FDB616D2B108}"
EndProject
Project("{FAE04EC0-301F-11D3-BF4B-00C04F79EFBC}") = "TP3E03", "TP3E03\TP3E03.csproj", "{14756866-D525-4076-8609-0D8A4885F339}"
EndProject
Project("{FAE04EC0-301F-11D3-BF4B-00C04F79EFBC}") = "TP3E04", "TP3E04\TP3E04.csproj", "{60247F59-0BBC-4306-BD51-1B1F73792FC9}"
EndProject
Project("{FAE04EC0-301F-11D3-BF4B-00C04F79EFBC}") = "TP3E05", "TP3E05\TP3E05.csproj", "{2A4C41C8-6E7B-416F-86B2-ED899947C732}"
EndProject
Project("{FAE04EC0-301F-11D3-BF4B-00C04F79EFBC}") = "TP4E01", "TP5E01\TP4E01.csproj", "{EEFC8646-4B0B-425A-8ED7-4F6C4620F417}"
EndProject
Project("{FAE04EC0-301F-11D3-BF4B-00C04F79EFBC}") = "TP4E02", "TP4E02\TP4E02.csproj", "{FDB1C86C-78A0-4F45-94D4-19B873C58503}"
EndProject
Project("{FAE04EC0-301F-11D3-BF4B-00C04F79EFBC}") = "TP4E03", "TP4E03\TP4E03.csproj", "{2C63E52E-C4C9-43F6-9AAF-5BA3AC9C40FB}"
EndProject
Project("{FAE04EC0-301F-11D3-BF4B-00C04F79EFBC}") = "TP4E04", "TP4E04\TP4E04.csproj", "{FE3E0734-A560-4F72-98F7-6A7DF79B99DD}"
EndProject
Project("{FAE04EC0-301F-11D3-BF4B-00C04F79EFBC}") = "TP4E05", "TP4E05\TP4E05.csproj", "{9B4ED6EB-FDC5-4739-BC04-6EDE009EF6EC}"
EndProject
Global
	GlobalSection(SolutionConfigurationPlatforms) = preSolution
		Debug|Any CPU = Debug|Any CPU
		Release|Any CPU = Release|Any CPU
	EndGlobalSection
	GlobalSection(ProjectConfigurationPlatforms) = postSolution
		{D6BB1384-F471-48FC-87A2-F22CA6576D9F}.Debug|Any CPU.ActiveCfg = Debug|Any CPU
		{D6BB1384-F471-48FC-87A2-F22CA6576D9F}.Debug|Any CPU.Build.0 = Debug|Any CPU
		{D6BB1384-F471-48FC-87A2-F22CA6576D9F}.Release|Any CPU.ActiveCfg = Release|Any CPU
		{D6BB1384-F471-48FC-87A2-F22CA6576D9F}.Release|Any CPU.Build.0 = Release|Any CPU
		{3A633B2A-B27E-4845-8DE3-AC54C27AE17C}.Debug|Any CPU.ActiveCfg = Debug|Any CPU
		{3A633B2A-B27E-4845-8DE3-AC54C27AE17C}.Debug|Any CPU.Build.0 = Debug|Any CPU
		{3A633B2A-B27E-4845-8DE3-AC54C27AE17C}.Release|Any CPU.ActiveCfg = Release|Any CPU
		{3A633B2A-B27E-4845-8DE3-AC54C27AE17C}.Release|Any CPU.Build.0 = Release|Any CPU
		{D1DE3D72-E380-450A-B4AE-6238C922F421}.Debug|Any CPU.ActiveCfg = Debug|Any CPU
		{D1DE3D72-E380-450A-B4AE-6238C922F421}.Debug|Any CPU.Build.0 = Debug|Any CPU
		{D1DE3D72-E380-450A-B4AE-6238C922F421}.Release|Any CPU.ActiveCfg = Release|Any CPU
		{D1DE3D72-E380-450A-B4AE-6238C922F421}.Release|Any CPU.Build.0 = Release|Any CPU
		{DB90EABB-A4DC-4F24-9AE8-14BC1508F7A7}.Debug|Any CPU.ActiveCfg = Debug|Any CPU
		{DB90EABB-A4DC-4F24-9AE8-14BC1508F7A7}.Debug|Any CPU.Build.0 = Debug|Any CPU
		{DB90EABB-A4DC-4F24-9AE8-14BC1508F7A7}.Release|Any CPU.ActiveCfg = Release|Any CPU
		{DB90EABB-A4DC-4F24-9AE8-14BC1508F7A7}.Release|Any CPU.Build.0 = Release|Any CPU
		{86B9AC91-8803-4E8A-A1B2-55384A6E458E}.Debug|Any CPU.ActiveCfg = Debug|Any CPU
		{86B9AC91-8803-4E8A-A1B2-55384A6E458E}.Debug|Any CPU.Build.0 = Debug|Any CPU
		{86B9AC91-8803-4E8A-A1B2-55384A6E458E}.Release|Any CPU.ActiveCfg = Release|Any CPU
		{86B9AC91-8803-4E8A-A1B2-55384A6E458E}.Release|Any CPU.Build.0 = Release|Any CPU
		{A4B44C97-C74D-4740-B9E8-A4B2C9FA6CBE}.Debug|Any CPU.ActiveCfg = Debug|Any CPU
		{A4B44C97-C74D-4740-B9E8-A4B2C9FA6CBE}.Debug|Any CPU.Build.0 = Debug|Any CPU
		{A4B44C97-C74D-4740-B9E8-A4B2C9FA6CBE}.Release|Any CPU.ActiveCfg = Release|Any CPU
		{A4B44C97-C74D-4740-B9E8-A4B2C9FA6CBE}.Release|Any CPU.Build.0 = Release|Any CPU
		{B91F4944-EBB7-45D2-A1E9-54C627234E3B}.Debug|Any CPU.ActiveCfg = Debug|Any CPU
		{B91F4944-EBB7-45D2-A1E9-54C627234E3B}.Debug|Any CPU.Build.0 = Debug|Any CPU
		{B91F4944-EBB7-45D2-A1E9-54C627234E3B}.Release|Any CPU.ActiveCfg = Release|Any CPU
		{B91F4944-EBB7-45D2-A1E9-54C627234E3B}.Release|Any CPU.Build.0 = Release|Any CPU
		{24A613F1-B489-408B-BE57-EEFA682D67F9}.Debug|Any CPU.ActiveCfg = Debug|Any CPU
		{24A613F1-B489-408B-BE57-EEFA682D67F9}.Debug|Any CPU.Build.0 = Debug|Any CPU
		{24A613F1-B489-408B-BE57-EEFA682D67F9}.Release|Any CPU.ActiveCfg = Release|Any CPU
		{24A613F1-B489-408B-BE57-EEFA682D67F9}.Release|Any CPU.Build.0 = Release|Any CPU
		{984A3D97-B831-483C-A05F-3DD9190E9946}.Debug|Any CPU.ActiveCfg = Debug|Any CPU
		{984A3D97-B831-483C-A05F-3DD9190E9946}.Debug|Any CPU.Build.0 = Debug|Any CPU
		{984A3D97-B831-483C-A05F-3DD9190E9946}.Release|Any CPU.ActiveCfg = Release|Any CPU
		{984A3D97-B831-483C-A05F-3DD9190E9946}.Release|Any CPU.Build.0 = Release|Any CPU
		{274EB1D4-51F1-46C1-8C21-DA062EBB7293}.Debug|Any CPU.ActiveCfg = Debug|Any CPU
		{274EB1D4-51F1-46C1-8C21-DA062EBB7293}.Debug|Any CPU.Build.0 = Debug|Any CPU
		{274EB1D4-51F1-46C1-8C21-DA062EBB7293}.Release|Any CPU.ActiveCfg = Release|Any CPU
		{274EB1D4-51F1-46C1-8C21-DA062EBB7293}.Release|Any CPU.Build.0 = Release|Any CPU
		{05F81FB3-B0BB-41A2-85BB-DA8230C2CD29}.Debug|Any CPU.ActiveCfg = Debug|Any CPU
		{05F81FB3-B0BB-41A2-85BB-DA8230C2CD29}.Debug|Any CPU.Build.0 = Debug|Any CPU
		{05F81FB3-B0BB-41A2-85BB-DA8230C2CD29}.Release|Any CPU.ActiveCfg = Release|Any CPU
		{05F81FB3-B0BB-41A2-85BB-DA8230C2CD29}.Release|Any CPU.Build.0 = Release|Any CPU
		{FA94D8D4-E6CF-4B38-879A-0B7332864ECD}.Debug|Any CPU.ActiveCfg = Debug|Any CPU
		{FA94D8D4-E6CF-4B38-879A-0B7332864ECD}.Debug|Any CPU.Build.0 = Debug|Any CPU
		{FA94D8D4-E6CF-4B38-879A-0B7332864ECD}.Release|Any CPU.ActiveCfg = Release|Any CPU
		{FA94D8D4-E6CF-4B38-879A-0B7332864ECD}.Release|Any CPU.Build.0 = Release|Any CPU
		{BBD3A347-21D7-4288-9E9C-0C1A03E702EA}.Debug|Any CPU.ActiveCfg = Debug|Any CPU
		{BBD3A347-21D7-4288-9E9C-0C1A03E702EA}.Debug|Any CPU.Build.0 = Debug|Any CPU
		{BBD3A347-21D7-4288-9E9C-0C1A03E702EA}.Release|Any CPU.ActiveCfg = Release|Any CPU
		{BBD3A347-21D7-4288-9E9C-0C1A03E702EA}.Release|Any CPU.Build.0 = Release|Any CPU
		{33C71241-3442-4817-89F0-F3C91342C3BF}.Debug|Any CPU.ActiveCfg = Debug|Any CPU
		{33C71241-3442-4817-89F0-F3C91342C3BF}.Debug|Any CPU.Build.0 = Debug|Any CPU
		{33C71241-3442-4817-89F0-F3C91342C3BF}.Release|Any CPU.ActiveCfg = Release|Any CPU
		{33C71241-3442-4817-89F0-F3C91342C3BF}.Release|Any CPU.Build.0 = Release|Any CPU
		{79A5916D-5F65-4699-A3D8-2F3784598558}.Debug|Any CPU.ActiveCfg = Debug|Any CPU
		{79A5916D-5F65-4699-A3D8-2F3784598558}.Debug|Any CPU.Build.0 = Debug|Any CPU
		{79A5916D-5F65-4699-A3D8-2F3784598558}.Release|Any CPU.ActiveCfg = Release|Any CPU
		{79A5916D-5F65-4699-A3D8-2F3784598558}.Release|Any CPU.Build.0 = Release|Any CPU
		{B61EE9A2-48C5-4E40-AC20-55A84BDCE3F4}.Debug|Any CPU.ActiveCfg = Debug|Any CPU
		{B61EE9A2-48C5-4E40-AC20-55A84BDCE3F4}.Debug|Any CPU.Build.0 = Debug|Any CPU
		{B61EE9A2-48C5-4E40-AC20-55A84BDCE3F4}.Release|Any CPU.ActiveCfg = Release|Any CPU
		{B61EE9A2-48C5-4E40-AC20-55A84BDCE3F4}.Release|Any CPU.Build.0 = Release|Any CPU
		{A966997B-4308-4190-9EBB-1CF5F9C1F1F9}.Debug|Any CPU.ActiveCfg = Debug|Any CPU
		{A966997B-4308-4190-9EBB-1CF5F9C1F1F9}.Debug|Any CPU.Build.0 = Debug|Any CPU
		{A966997B-4308-4190-9EBB-1CF5F9C1F1F9}.Release|Any CPU.ActiveCfg = Release|Any CPU
		{A966997B-4308-4190-9EBB-1CF5F9C1F1F9}.Release|Any CPU.Build.0 = Release|Any CPU
		{88D460B9-ABAC-4C69-98E2-B187CF99F68B}.Debug|Any CPU.ActiveCfg = Debug|Any CPU
		{88D460B9-ABAC-4C69-98E2-B187CF99F68B}.Debug|Any CPU.Build.0 = Debug|Any CPU
		{88D460B9-ABAC-4C69-98E2-B187CF99F68B}.Release|Any CPU.ActiveCfg = Release|Any CPU
		{88D460B9-ABAC-4C69-98E2-B187CF99F68B}.Release|Any CPU.Build.0 = Release|Any CPU
		{EF4F1B2E-4BA3-409C-A04B-A3678611696B}.Debug|Any CPU.ActiveCfg = Debug|Any CPU
		{EF4F1B2E-4BA3-409C-A04B-A3678611696B}.Debug|Any CPU.Build.0 = Debug|Any CPU
		{EF4F1B2E-4BA3-409C-A04B-A3678611696B}.Release|Any CPU.ActiveCfg = Release|Any CPU
		{EF4F1B2E-4BA3-409C-A04B-A3678611696B}.Release|Any CPU.Build.0 = Release|Any CPU
		{F372A0F8-92ED-4528-8247-FDB616D2B108}.Debug|Any CPU.ActiveCfg = Debug|Any CPU
		{F372A0F8-92ED-4528-8247-FDB616D2B108}.Debug|Any CPU.Build.0 = Debug|Any CPU
		{F372A0F8-92ED-4528-8247-FDB616D2B108}.Release|Any CPU.ActiveCfg = Release|Any CPU
		{F372A0F8-92ED-4528-8247-FDB616D2B108}.Release|Any CPU.Build.0 = Release|Any CPU
		{14756866-D525-4076-8609-0D8A4885F339}.Debug|Any CPU.ActiveCfg = Debug|Any CPU
		{14756866-D525-4076-8609-0D8A4885F339}.Debug|Any CPU.Build.0 = Debug|Any CPU
		{14756866-D525-4076-8609-0D8A4885F339}.Release|Any CPU.ActiveCfg = Release|Any CPU
		{14756866-D525-4076-8609-0D8A4885F339}.Release|Any CPU.Build.0 = Release|Any CPU
		{60247F59-0BBC-4306-BD51-1B1F73792FC9}.Debug|Any CPU.ActiveCfg = Debug|Any CPU
		{60247F59-0BBC-4306-BD51-1B1F73792FC9}.Debug|Any CPU.Build.0 = Debug|Any CPU
		{60247F59-0BBC-4306-BD51-1B1F73792FC9}.Release|Any CPU.ActiveCfg = Release|Any CPU
		{60247F59-0BBC-4306-BD51-1B1F73792FC9}.Release|Any CPU.Build.0 = Release|Any CPU
		{2A4C41C8-6E7B-416F-86B2-ED899947C732}.Debug|Any CPU.ActiveCfg = Debug|Any CPU
		{2A4C41C8-6E7B-416F-86B2-ED899947C732}.Debug|Any CPU.Build.0 = Debug|Any CPU
		{2A4C41C8-6E7B-416F-86B2-ED899947C732}.Release|Any CPU.ActiveCfg = Release|Any CPU
		{2A4C41C8-6E7B-416F-86B2-ED899947C732}.Release|Any CPU.Build.0 = Release|Any CPU
		{EEFC8646-4B0B-425A-8ED7-4F6C4620F417}.Debug|Any CPU.ActiveCfg = Debug|Any CPU
		{EEFC8646-4B0B-425A-8ED7-4F6C4620F417}.Debug|Any CPU.Build.0 = Debug|Any CPU
		{EEFC8646-4B0B-425A-8ED7-4F6C4620F417}.Release|Any CPU.ActiveCfg = Release|Any CPU
		{EEFC8646-4B0B-425A-8ED7-4F6C4620F417}.Release|Any CPU.Build.0 = Release|Any CPU
		{FDB1C86C-78A0-4F45-94D4-19B873C58503}.Debug|Any CPU.ActiveCfg = Debug|Any CPU
		{FDB1C86C-78A0-4F45-94D4-19B873C58503}.Debug|Any CPU.Build.0 = Debug|Any CPU
		{FDB1C86C-78A0-4F45-94D4-19B873C58503}.Release|Any CPU.ActiveCfg = Release|Any CPU
		{FDB1C86C-78A0-4F45-94D4-19B873C58503}.Release|Any CPU.Build.0 = Release|Any CPU
		{2C63E52E-C4C9-43F6-9AAF-5BA3AC9C40FB}.Debug|Any CPU.ActiveCfg = Debug|Any CPU
		{2C63E52E-C4C9-43F6-9AAF-5BA3AC9C40FB}.Debug|Any CPU.Build.0 = Debug|Any CPU
		{2C63E52E-C4C9-43F6-9AAF-5BA3AC9C40FB}.Release|Any CPU.ActiveCfg = Release|Any CPU
		{2C63E52E-C4C9-43F6-9AAF-5BA3AC9C40FB}.Release|Any CPU.Build.0 = Release|Any CPU
		{FE3E0734-A560-4F72-98F7-6A7DF79B99DD}.Debug|Any CPU.ActiveCfg = Debug|Any CPU
		{FE3E0734-A560-4F72-98F7-6A7DF79B99DD}.Debug|Any CPU.Build.0 = Debug|Any CPU
		{FE3E0734-A560-4F72-98F7-6A7DF79B99DD}.Release|Any CPU.ActiveCfg = Release|Any CPU
		{FE3E0734-A560-4F72-98F7-6A7DF79B99DD}.Release|Any CPU.Build.0 = Release|Any CPU
		{9B4ED6EB-FDC5-4739-BC04-6EDE009EF6EC}.Debug|Any CPU.ActiveCfg = Debug|Any CPU
		{9B4ED6EB-FDC5-4739-BC04-6EDE009EF6EC}.Debug|Any CPU.Build.0 = Debug|Any CPU
		{9B4ED6EB-FDC5-4739-BC04-6EDE009EF6EC}.Release|Any CPU.ActiveCfg = Release|Any CPU
		{9B4ED6EB-FDC5-4739-BC04-6EDE009EF6EC}.Release|Any CPU.Build.0 = Release|Any CPU
	EndGlobalSection
	GlobalSection(SolutionProperties) = preSolution
		HideSolutionNode = FALSE
	EndGlobalSection
EndGlobal
